{
  "requires": true,
  "lockfileVersion": 1,
  "dependencies": {
    "bats": {
      "version": "1.3.0-alpha.0",
      "resolved": "https://registry.npmjs.org/bats/-/bats-1.3.0-alpha.0.tgz",
      "integrity": "sha512-4Um6nbjmlqfisR8kQAeTSUW8NX8KSG/OakqVixKyW4RO2zSNVqaxEP4I7HhWSewv3HlOCQ/gnO1Wc/Vi8wrgTQ==",
      "dev": true
    },
    "bats-assert": {
      "version": "2.0.0",
      "resolved": "https://registry.npmjs.org/bats-assert/-/bats-assert-2.0.0.tgz",
      "integrity": "sha512-qO3kNilWxW8iCONu9NDUfvsCiC6JzL6DPOc/DGq9z3bZ9/A7wURJ+FnFMxGbofOmWbCoy7pVhofn0o47A95qkQ==",
      "dev": true
    },
    "bats-support": {
      "version": "0.3.0",
      "resolved": "https://registry.npmjs.org/bats-support/-/bats-support-0.3.0.tgz",
      "integrity": "sha512-z+2WzXbI4OZgLnynydqH8GpI3+DcOtepO66PlK47SfEzTkiuV9hxn9eIQX+uLVFbt2Oqoc7Ky3TJ/N83lqD+cg==",
      "dev": true
    }
  }
}
